{
  "name": "@harness-validations-org/harness-demo",
  "version": "0.1.0",
  "lockfileVersion": 3,
  "requires": true,
  "packages": {
    "": {
      "name": "@harness-validations-org/harness-demo",
      "version": "0.1.0",
      "license": "MIT",
      "bin": {
        "harness-demo": "bin/harness.mjs"
      },
      "engines": {
        "node": ">=22"
      }
    }
  }
}
